
Microsoft Visual Studio Solution File, Format Version 12.00
# Visual Studio 2013
VisualStudioVersion = 12.0.30723.0
MinimumVisualStudioVersion = 10.0.40219.1
Project("{FAE04EC0-301F-11D3-BF4B-00C04F79EFBC}") = "Beyond", "Beyond\Beyond.csproj", "{67F9D3A8-F71E-4428-913F-C37AE82CDB24}"
EndProject
Project("{FAE04EC0-301F-11D3-BF4B-00C04F79EFBC}") = "Beyond.Droid", "Beyond.Droid\Beyond.Droid.csproj", "{B23D516E-FC15-41AC-98E6-55C5ACB36EBA}"
EndProject
Project("{FAE04EC0-301F-11D3-BF4B-00C04F79EFBC}") = "Beyond.iOS", "Beyond.iOS\Beyond.iOS.csproj", "{E34FA91F-308F-4064-A415-E987664C2A46}"
EndProject
Project("{FAE04EC0-301F-11D3-BF4B-00C04F79EFBC}") = "Beyond.WP", "Beyond.WP\Beyond.WP.csproj", "{B5A534C1-F652-47D5-8E6F-5E90387CBF0B}"
EndProject
Project("{FAE04EC0-301F-11D3-BF4B-00C04F79EFBC}") = "Beyond.Sample.WinPhone", "Beyond.Sample\Beyond.Sample.WinPhone\Beyond.Sample.WinPhone.csproj", "{A379ACAB-6E9E-4D50-AA6C-9EC7D38B77ED}"
EndProject
Project("{FAE04EC0-301F-11D3-BF4B-00C04F79EFBC}") = "Beyond.Sample.iOS", "Beyond.Sample\Beyond.Sample.iOS\Beyond.Sample.iOS.csproj", "{12CACCF1-A252-426D-9545-B6E4C089455A}"
EndProject
Project("{FAE04EC0-301F-11D3-BF4B-00C04F79EFBC}") = "Beyond.Sample.Android", "Beyond.Sample\Beyond.Sample.Android\Beyond.Sample.Android.csproj", "{BC4E86B5-974C-470F-B32F-F2AB92B2CB7D}"
EndProject
Project("{D954291E-2A0B-460D-934E-DC6B0785DB48}") = "Beyond.Sample", "Beyond.Sample\Beyond.Sample\Beyond.Sample.shproj", "{D8EAC96E-1CD4-46D5-B626-A7BAB08CF8DD}"
EndProject
Global
	GlobalSection(SharedMSBuildProjectFiles) = preSolution
		Beyond.Sample\Beyond.Sample\Beyond.Sample.projitems*{bc4e86b5-974c-470f-b32f-f2ab92b2cb7d}*SharedItemsImports = 4
		Beyond.Sample\Beyond.Sample\Beyond.Sample.projitems*{12caccf1-a252-426d-9545-b6e4c089455a}*SharedItemsImports = 4
		Beyond.Sample\Beyond.Sample\Beyond.Sample.projitems*{a379acab-6e9e-4d50-aa6c-9ec7d38b77ed}*SharedItemsImports = 4
		Beyond.Sample\Beyond.Sample\Beyond.Sample.projitems*{d8eac96e-1cd4-46d5-b626-a7bab08cf8dd}*SharedItemsImports = 13
	EndGlobalSection
	GlobalSection(SolutionConfigurationPlatforms) = preSolution
		Ad-Hoc|Any CPU = Ad-Hoc|Any CPU
		Ad-Hoc|ARM = Ad-Hoc|ARM
		Ad-Hoc|iPhone = Ad-Hoc|iPhone
		Ad-Hoc|iPhoneSimulator = Ad-Hoc|iPhoneSimulator
		Ad-Hoc|Mixed Platforms = Ad-Hoc|Mixed Platforms
		Ad-Hoc|x86 = Ad-Hoc|x86
		AppStore|Any CPU = AppStore|Any CPU
		AppStore|ARM = AppStore|ARM
		AppStore|iPhone = AppStore|iPhone
		AppStore|iPhoneSimulator = AppStore|iPhoneSimulator
		AppStore|Mixed Platforms = AppStore|Mixed Platforms
		AppStore|x86 = AppStore|x86
		Debug|Any CPU = Debug|Any CPU
		Debug|ARM = Debug|ARM
		Debug|iPhone = Debug|iPhone
		Debug|iPhoneSimulator = Debug|iPhoneSimulator
		Debug|Mixed Platforms = Debug|Mixed Platforms
		Debug|x86 = Debug|x86
		Release|Any CPU = Release|Any CPU
		Release|ARM = Release|ARM
		Release|iPhone = Release|iPhone
		Release|iPhoneSimulator = Release|iPhoneSimulator
		Release|Mixed Platforms = Release|Mixed Platforms
		Release|x86 = Release|x86
	EndGlobalSection
	GlobalSection(ProjectConfigurationPlatforms) = postSolution
		{67F9D3A8-F71E-4428-913F-C37AE82CDB24}.Ad-Hoc|Any CPU.ActiveCfg = Release|Any CPU
		{67F9D3A8-F71E-4428-913F-C37AE82CDB24}.Ad-Hoc|Any CPU.Build.0 = Release|Any CPU
		{67F9D3A8-F71E-4428-913F-C37AE82CDB24}.Ad-Hoc|ARM.ActiveCfg = Release|Any CPU
		{67F9D3A8-F71E-4428-913F-C37AE82CDB24}.Ad-Hoc|iPhone.ActiveCfg = Release|Any CPU
		{67F9D3A8-F71E-4428-913F-C37AE82CDB24}.Ad-Hoc|iPhoneSimulator.ActiveCfg = Release|Any CPU
		{67F9D3A8-F71E-4428-913F-C37AE82CDB24}.Ad-Hoc|Mixed Platforms.ActiveCfg = Release|Any CPU
		{67F9D3A8-F71E-4428-913F-C37AE82CDB24}.Ad-Hoc|Mixed Platforms.Build.0 = Release|Any CPU
		{67F9D3A8-F71E-4428-913F-C37AE82CDB24}.Ad-Hoc|x86.ActiveCfg = Release|Any CPU
		{67F9D3A8-F71E-4428-913F-C37AE82CDB24}.AppStore|Any CPU.ActiveCfg = Release|Any CPU
		{67F9D3A8-F71E-4428-913F-C37AE82CDB24}.AppStore|Any CPU.Build.0 = Release|Any CPU
		{67F9D3A8-F71E-4428-913F-C37AE82CDB24}.AppStore|ARM.ActiveCfg = Release|Any CPU
		{67F9D3A8-F71E-4428-913F-C37AE82CDB24}.AppStore|iPhone.ActiveCfg = Release|Any CPU
		{67F9D3A8-F71E-4428-913F-C37AE82CDB24}.AppStore|iPhoneSimulator.ActiveCfg = Release|Any CPU
		{67F9D3A8-F71E-4428-913F-C37AE82CDB24}.AppStore|Mixed Platforms.ActiveCfg = Release|Any CPU
		{67F9D3A8-F71E-4428-913F-C37AE82CDB24}.AppStore|Mixed Platforms.Build.0 = Release|Any CPU
		{67F9D3A8-F71E-4428-913F-C37AE82CDB24}.AppStore|x86.ActiveCfg = Release|Any CPU
		{67F9D3A8-F71E-4428-913F-C37AE82CDB24}.Debug|Any CPU.ActiveCfg = Debug|Any CPU
		{67F9D3A8-F71E-4428-913F-C37AE82CDB24}.Debug|Any CPU.Build.0 = Debug|Any CPU
		{67F9D3A8-F71E-4428-913F-C37AE82CDB24}.Debug|ARM.ActiveCfg = Debug|Any CPU
		{67F9D3A8-F71E-4428-913F-C37AE82CDB24}.Debug|iPhone.ActiveCfg = Debug|Any CPU
		{67F9D3A8-F71E-4428-913F-C37AE82CDB24}.Debug|iPhone.Build.0 = Debug|Any CPU
		{67F9D3A8-F71E-4428-913F-C37AE82CDB24}.Debug|iPhoneSimulator.ActiveCfg = Debug|Any CPU
		{67F9D3A8-F71E-4428-913F-C37AE82CDB24}.Debug|Mixed Platforms.ActiveCfg = Debug|Any CPU
		{67F9D3A8-F71E-4428-913F-C37AE82CDB24}.Debug|Mixed Platforms.Build.0 = Debug|Any CPU
		{67F9D3A8-F71E-4428-913F-C37AE82CDB24}.Debug|x86.ActiveCfg = Debug|Any CPU
		{67F9D3A8-F71E-4428-913F-C37AE82CDB24}.Release|Any CPU.ActiveCfg = Release|Any CPU
		{67F9D3A8-F71E-4428-913F-C37AE82CDB24}.Release|Any CPU.Build.0 = Release|Any CPU
		{67F9D3A8-F71E-4428-913F-C37AE82CDB24}.Release|ARM.ActiveCfg = Release|Any CPU
		{67F9D3A8-F71E-4428-913F-C37AE82CDB24}.Release|iPhone.ActiveCfg = Release|Any CPU
		{67F9D3A8-F71E-4428-913F-C37AE82CDB24}.Release|iPhoneSimulator.ActiveCfg = Release|Any CPU
		{67F9D3A8-F71E-4428-913F-C37AE82CDB24}.Release|Mixed Platforms.ActiveCfg = Release|Any CPU
		{67F9D3A8-F71E-4428-913F-C37AE82CDB24}.Release|Mixed Platforms.Build.0 = Release|Any CPU
		{67F9D3A8-F71E-4428-913F-C37AE82CDB24}.Release|x86.ActiveCfg = Release|Any CPU
		{B23D516E-FC15-41AC-98E6-55C5ACB36EBA}.Ad-Hoc|Any CPU.ActiveCfg = Release|Any CPU
		{B23D516E-FC15-41AC-98E6-55C5ACB36EBA}.Ad-Hoc|Any CPU.Build.0 = Release|Any CPU
		{B23D516E-FC15-41AC-98E6-55C5ACB36EBA}.Ad-Hoc|ARM.ActiveCfg = Release|Any CPU
		{B23D516E-FC15-41AC-98E6-55C5ACB36EBA}.Ad-Hoc|iPhone.ActiveCfg = Release|Any CPU
		{B23D516E-FC15-41AC-98E6-55C5ACB36EBA}.Ad-Hoc|iPhoneSimulator.ActiveCfg = Release|Any CPU
		{B23D516E-FC15-41AC-98E6-55C5ACB36EBA}.Ad-Hoc|Mixed Platforms.ActiveCfg = Release|Any CPU
		{B23D516E-FC15-41AC-98E6-55C5ACB36EBA}.Ad-Hoc|Mixed Platforms.Build.0 = Release|Any CPU
		{B23D516E-FC15-41AC-98E6-55C5ACB36EBA}.Ad-Hoc|x86.ActiveCfg = Release|Any CPU
		{B23D516E-FC15-41AC-98E6-55C5ACB36EBA}.AppStore|Any CPU.ActiveCfg = Release|Any CPU
		{B23D516E-FC15-41AC-98E6-55C5ACB36EBA}.AppStore|Any CPU.Build.0 = Release|Any CPU
		{B23D516E-FC15-41AC-98E6-55C5ACB36EBA}.AppStore|ARM.ActiveCfg = Release|Any CPU
		{B23D516E-FC15-41AC-98E6-55C5ACB36EBA}.AppStore|iPhone.ActiveCfg = Release|Any CPU
		{B23D516E-FC15-41AC-98E6-55C5ACB36EBA}.AppStore|iPhoneSimulator.ActiveCfg = Release|Any CPU
		{B23D516E-FC15-41AC-98E6-55C5ACB36EBA}.AppStore|Mixed Platforms.ActiveCfg = Release|Any CPU
		{B23D516E-FC15-41AC-98E6-55C5ACB36EBA}.AppStore|Mixed Platforms.Build.0 = Release|Any CPU
		{B23D516E-FC15-41AC-98E6-55C5ACB36EBA}.AppStore|x86.ActiveCfg = Release|Any CPU
		{B23D516E-FC15-41AC-98E6-55C5ACB36EBA}.Debug|Any CPU.ActiveCfg = Debug|Any CPU
		{B23D516E-FC15-41AC-98E6-55C5ACB36EBA}.Debug|Any CPU.Build.0 = Debug|Any CPU
		{B23D516E-FC15-41AC-98E6-55C5ACB36EBA}.Debug|ARM.ActiveCfg = Debug|Any CPU
		{B23D516E-FC15-41AC-98E6-55C5ACB36EBA}.Debug|iPhone.ActiveCfg = Debug|Any CPU
		{B23D516E-FC15-41AC-98E6-55C5ACB36EBA}.Debug|iPhoneSimulator.ActiveCfg = Debug|Any CPU
		{B23D516E-FC15-41AC-98E6-55C5ACB36EBA}.Debug|Mixed Platforms.ActiveCfg = Debug|Any CPU
		{B23D516E-FC15-41AC-98E6-55C5ACB36EBA}.Debug|Mixed Platforms.Build.0 = Debug|Any CPU
		{B23D516E-FC15-41AC-98E6-55C5ACB36EBA}.Debug|x86.ActiveCfg = Debug|Any CPU
		{B23D516E-FC15-41AC-98E6-55C5ACB36EBA}.Release|Any CPU.ActiveCfg = Release|Any CPU
		{B23D516E-FC15-41AC-98E6-55C5ACB36EBA}.Release|Any CPU.Build.0 = Release|Any CPU
		{B23D516E-FC15-41AC-98E6-55C5ACB36EBA}.Release|ARM.ActiveCfg = Release|Any CPU
		{B23D516E-FC15-41AC-98E6-55C5ACB36EBA}.Release|iPhone.ActiveCfg = Release|Any CPU
		{B23D516E-FC15-41AC-98E6-55C5ACB36EBA}.Release|iPhoneSimulator.ActiveCfg = Release|Any CPU
		{B23D516E-FC15-41AC-98E6-55C5ACB36EBA}.Release|Mixed Platforms.ActiveCfg = Release|Any CPU
		{B23D516E-FC15-41AC-98E6-55C5ACB36EBA}.Release|Mixed Platforms.Build.0 = Release|Any CPU
		{B23D516E-FC15-41AC-98E6-55C5ACB36EBA}.Release|x86.ActiveCfg = Release|Any CPU
		{E34FA91F-308F-4064-A415-E987664C2A46}.Ad-Hoc|Any CPU.ActiveCfg = Release|Any CPU
		{E34FA91F-308F-4064-A415-E987664C2A46}.Ad-Hoc|Any CPU.Build.0 = Release|Any CPU
		{E34FA91F-308F-4064-A415-E987664C2A46}.Ad-Hoc|ARM.ActiveCfg = Release|Any CPU
		{E34FA91F-308F-4064-A415-E987664C2A46}.Ad-Hoc|iPhone.ActiveCfg = Release|Any CPU
		{E34FA91F-308F-4064-A415-E987664C2A46}.Ad-Hoc|iPhoneSimulator.ActiveCfg = Release|Any CPU
		{E34FA91F-308F-4064-A415-E987664C2A46}.Ad-Hoc|Mixed Platforms.ActiveCfg = Release|Any CPU
		{E34FA91F-308F-4064-A415-E987664C2A46}.Ad-Hoc|Mixed Platforms.Build.0 = Release|Any CPU
		{E34FA91F-308F-4064-A415-E987664C2A46}.Ad-Hoc|x86.ActiveCfg = Release|Any CPU
		{E34FA91F-308F-4064-A415-E987664C2A46}.AppStore|Any CPU.ActiveCfg = Release|Any CPU
		{E34FA91F-308F-4064-A415-E987664C2A46}.AppStore|Any CPU.Build.0 = Release|Any CPU
		{E34FA91F-308F-4064-A415-E987664C2A46}.AppStore|ARM.ActiveCfg = Release|Any CPU
		{E34FA91F-308F-4064-A415-E987664C2A46}.AppStore|iPhone.ActiveCfg = Release|Any CPU
		{E34FA91F-308F-4064-A415-E987664C2A46}.AppStore|iPhoneSimulator.ActiveCfg = Release|Any CPU
		{E34FA91F-308F-4064-A415-E987664C2A46}.AppStore|Mixed Platforms.ActiveCfg = Release|Any CPU
		{E34FA91F-308F-4064-A415-E987664C2A46}.AppStore|Mixed Platforms.Build.0 = Release|Any CPU
		{E34FA91F-308F-4064-A415-E987664C2A46}.AppStore|x86.ActiveCfg = Release|Any CPU
		{E34FA91F-308F-4064-A415-E987664C2A46}.Debug|Any CPU.ActiveCfg = Debug|Any CPU
		{E34FA91F-308F-4064-A415-E987664C2A46}.Debug|Any CPU.Build.0 = Debug|Any CPU
		{E34FA91F-308F-4064-A415-E987664C2A46}.Debug|ARM.ActiveCfg = Debug|Any CPU
		{E34FA91F-308F-4064-A415-E987664C2A46}.Debug|iPhone.ActiveCfg = Debug|Any CPU
		{E34FA91F-308F-4064-A415-E987664C2A46}.Debug|iPhone.Build.0 = Debug|Any CPU
		{E34FA91F-308F-4064-A415-E987664C2A46}.Debug|iPhoneSimulator.ActiveCfg = Debug|Any CPU
		{E34FA91F-308F-4064-A415-E987664C2A46}.Debug|Mixed Platforms.ActiveCfg = Debug|Any CPU
		{E34FA91F-308F-4064-A415-E987664C2A46}.Debug|Mixed Platforms.Build.0 = Debug|Any CPU
		{E34FA91F-308F-4064-A415-E987664C2A46}.Debug|x86.ActiveCfg = Debug|Any CPU
		{E34FA91F-308F-4064-A415-E987664C2A46}.Release|Any CPU.ActiveCfg = Release|Any CPU
		{E34FA91F-308F-4064-A415-E987664C2A46}.Release|Any CPU.Build.0 = Release|Any CPU
		{E34FA91F-308F-4064-A415-E987664C2A46}.Release|ARM.ActiveCfg = Release|Any CPU
		{E34FA91F-308F-4064-A415-E987664C2A46}.Release|iPhone.ActiveCfg = Release|Any CPU
		{E34FA91F-308F-4064-A415-E987664C2A46}.Release|iPhoneSimulator.ActiveCfg = Release|Any CPU
		{E34FA91F-308F-4064-A415-E987664C2A46}.Release|Mixed Platforms.ActiveCfg = Release|Any CPU
		{E34FA91F-308F-4064-A415-E987664C2A46}.Release|Mixed Platforms.Build.0 = Release|Any CPU
		{E34FA91F-308F-4064-A415-E987664C2A46}.Release|x86.ActiveCfg = Release|Any CPU
		{B5A534C1-F652-47D5-8E6F-5E90387CBF0B}.Ad-Hoc|Any CPU.ActiveCfg = Release|Any CPU
		{B5A534C1-F652-47D5-8E6F-5E90387CBF0B}.Ad-Hoc|Any CPU.Build.0 = Release|Any CPU
		{B5A534C1-F652-47D5-8E6F-5E90387CBF0B}.Ad-Hoc|ARM.ActiveCfg = Release|ARM
		{B5A534C1-F652-47D5-8E6F-5E90387CBF0B}.Ad-Hoc|ARM.Build.0 = Release|ARM
		{B5A534C1-F652-47D5-8E6F-5E90387CBF0B}.Ad-Hoc|iPhone.ActiveCfg = Release|Any CPU
		{B5A534C1-F652-47D5-8E6F-5E90387CBF0B}.Ad-Hoc|iPhoneSimulator.ActiveCfg = Release|Any CPU
		{B5A534C1-F652-47D5-8E6F-5E90387CBF0B}.Ad-Hoc|Mixed Platforms.ActiveCfg = Release|x86
		{B5A534C1-F652-47D5-8E6F-5E90387CBF0B}.Ad-Hoc|Mixed Platforms.Build.0 = Release|x86
		{B5A534C1-F652-47D5-8E6F-5E90387CBF0B}.Ad-Hoc|x86.ActiveCfg = Release|x86
		{B5A534C1-F652-47D5-8E6F-5E90387CBF0B}.Ad-Hoc|x86.Build.0 = Release|x86
		{B5A534C1-F652-47D5-8E6F-5E90387CBF0B}.AppStore|Any CPU.ActiveCfg = Release|Any CPU
		{B5A534C1-F652-47D5-8E6F-5E90387CBF0B}.AppStore|Any CPU.Build.0 = Release|Any CPU
		{B5A534C1-F652-47D5-8E6F-5E90387CBF0B}.AppStore|ARM.ActiveCfg = Release|ARM
		{B5A534C1-F652-47D5-8E6F-5E90387CBF0B}.AppStore|ARM.Build.0 = Release|ARM
		{B5A534C1-F652-47D5-8E6F-5E90387CBF0B}.AppStore|iPhone.ActiveCfg = Release|Any CPU
		{B5A534C1-F652-47D5-8E6F-5E90387CBF0B}.AppStore|iPhoneSimulator.ActiveCfg = Release|Any CPU
		{B5A534C1-F652-47D5-8E6F-5E90387CBF0B}.AppStore|Mixed Platforms.ActiveCfg = Release|x86
		{B5A534C1-F652-47D5-8E6F-5E90387CBF0B}.AppStore|Mixed Platforms.Build.0 = Release|x86
		{B5A534C1-F652-47D5-8E6F-5E90387CBF0B}.AppStore|x86.ActiveCfg = Release|x86
		{B5A534C1-F652-47D5-8E6F-5E90387CBF0B}.AppStore|x86.Build.0 = Release|x86
		{B5A534C1-F652-47D5-8E6F-5E90387CBF0B}.Debug|Any CPU.ActiveCfg = Debug|Any CPU
		{B5A534C1-F652-47D5-8E6F-5E90387CBF0B}.Debug|Any CPU.Build.0 = Debug|Any CPU
		{B5A534C1-F652-47D5-8E6F-5E90387CBF0B}.Debug|ARM.ActiveCfg = Debug|ARM
		{B5A534C1-F652-47D5-8E6F-5E90387CBF0B}.Debug|ARM.Build.0 = Debug|ARM
		{B5A534C1-F652-47D5-8E6F-5E90387CBF0B}.Debug|iPhone.ActiveCfg = Debug|Any CPU
		{B5A534C1-F652-47D5-8E6F-5E90387CBF0B}.Debug|iPhoneSimulator.ActiveCfg = Debug|Any CPU
		{B5A534C1-F652-47D5-8E6F-5E90387CBF0B}.Debug|Mixed Platforms.ActiveCfg = Debug|x86
		{B5A534C1-F652-47D5-8E6F-5E90387CBF0B}.Debug|Mixed Platforms.Build.0 = Debug|x86
		{B5A534C1-F652-47D5-8E6F-5E90387CBF0B}.Debug|x86.ActiveCfg = Debug|x86
		{B5A534C1-F652-47D5-8E6F-5E90387CBF0B}.Debug|x86.Build.0 = Debug|x86
		{B5A534C1-F652-47D5-8E6F-5E90387CBF0B}.Release|Any CPU.ActiveCfg = Release|Any CPU
		{B5A534C1-F652-47D5-8E6F-5E90387CBF0B}.Release|Any CPU.Build.0 = Release|Any CPU
		{B5A534C1-F652-47D5-8E6F-5E90387CBF0B}.Release|ARM.ActiveCfg = Release|ARM
		{B5A534C1-F652-47D5-8E6F-5E90387CBF0B}.Release|ARM.Build.0 = Release|ARM
		{B5A534C1-F652-47D5-8E6F-5E90387CBF0B}.Release|iPhone.ActiveCfg = Release|Any CPU
		{B5A534C1-F652-47D5-8E6F-5E90387CBF0B}.Release|iPhoneSimulator.ActiveCfg = Release|Any CPU
		{B5A534C1-F652-47D5-8E6F-5E90387CBF0B}.Release|Mixed Platforms.ActiveCfg = Release|x86
		{B5A534C1-F652-47D5-8E6F-5E90387CBF0B}.Release|Mixed Platforms.Build.0 = Release|x86
		{B5A534C1-F652-47D5-8E6F-5E90387CBF0B}.Release|x86.ActiveCfg = Release|x86
		{B5A534C1-F652-47D5-8E6F-5E90387CBF0B}.Release|x86.Build.0 = Release|x86
		{A379ACAB-6E9E-4D50-AA6C-9EC7D38B77ED}.Ad-Hoc|Any CPU.ActiveCfg = Release|Any CPU
		{A379ACAB-6E9E-4D50-AA6C-9EC7D38B77ED}.Ad-Hoc|Any CPU.Build.0 = Release|Any CPU
		{A379ACAB-6E9E-4D50-AA6C-9EC7D38B77ED}.Ad-Hoc|Any CPU.Deploy.0 = Release|Any CPU
		{A379ACAB-6E9E-4D50-AA6C-9EC7D38B77ED}.Ad-Hoc|ARM.ActiveCfg = Release|ARM
		{A379ACAB-6E9E-4D50-AA6C-9EC7D38B77ED}.Ad-Hoc|ARM.Build.0 = Release|ARM
		{A379ACAB-6E9E-4D50-AA6C-9EC7D38B77ED}.Ad-Hoc|ARM.Deploy.0 = Release|ARM
		{A379ACAB-6E9E-4D50-AA6C-9EC7D38B77ED}.Ad-Hoc|iPhone.ActiveCfg = Release|Any CPU
		{A379ACAB-6E9E-4D50-AA6C-9EC7D38B77ED}.Ad-Hoc|iPhoneSimulator.ActiveCfg = Release|Any CPU
		{A379ACAB-6E9E-4D50-AA6C-9EC7D38B77ED}.Ad-Hoc|Mixed Platforms.ActiveCfg = Release|x86
		{A379ACAB-6E9E-4D50-AA6C-9EC7D38B77ED}.Ad-Hoc|Mixed Platforms.Build.0 = Release|x86
		{A379ACAB-6E9E-4D50-AA6C-9EC7D38B77ED}.Ad-Hoc|Mixed Platforms.Deploy.0 = Release|x86
		{A379ACAB-6E9E-4D50-AA6C-9EC7D38B77ED}.Ad-Hoc|x86.ActiveCfg = Release|x86
		{A379ACAB-6E9E-4D50-AA6C-9EC7D38B77ED}.Ad-Hoc|x86.Build.0 = Release|x86
		{A379ACAB-6E9E-4D50-AA6C-9EC7D38B77ED}.Ad-Hoc|x86.Deploy.0 = Release|x86
		{A379ACAB-6E9E-4D50-AA6C-9EC7D38B77ED}.AppStore|Any CPU.ActiveCfg = Release|Any CPU
		{A379ACAB-6E9E-4D50-AA6C-9EC7D38B77ED}.AppStore|Any CPU.Build.0 = Release|Any CPU
		{A379ACAB-6E9E-4D50-AA6C-9EC7D38B77ED}.AppStore|Any CPU.Deploy.0 = Release|Any CPU
		{A379ACAB-6E9E-4D50-AA6C-9EC7D38B77ED}.AppStore|ARM.ActiveCfg = Release|ARM
		{A379ACAB-6E9E-4D50-AA6C-9EC7D38B77ED}.AppStore|ARM.Build.0 = Release|ARM
		{A379ACAB-6E9E-4D50-AA6C-9EC7D38B77ED}.AppStore|ARM.Deploy.0 = Release|ARM
		{A379ACAB-6E9E-4D50-AA6C-9EC7D38B77ED}.AppStore|iPhone.ActiveCfg = Release|Any CPU
		{A379ACAB-6E9E-4D50-AA6C-9EC7D38B77ED}.AppStore|iPhoneSimulator.ActiveCfg = Release|Any CPU
		{A379ACAB-6E9E-4D50-AA6C-9EC7D38B77ED}.AppStore|Mixed Platforms.ActiveCfg = Release|x86
		{A379ACAB-6E9E-4D50-AA6C-9EC7D38B77ED}.AppStore|Mixed Platforms.Build.0 = Release|x86
		{A379ACAB-6E9E-4D50-AA6C-9EC7D38B77ED}.AppStore|Mixed Platforms.Deploy.0 = Release|x86
		{A379ACAB-6E9E-4D50-AA6C-9EC7D38B77ED}.AppStore|x86.ActiveCfg = Release|x86
		{A379ACAB-6E9E-4D50-AA6C-9EC7D38B77ED}.AppStore|x86.Build.0 = Release|x86
		{A379ACAB-6E9E-4D50-AA6C-9EC7D38B77ED}.AppStore|x86.Deploy.0 = Release|x86
		{A379ACAB-6E9E-4D50-AA6C-9EC7D38B77ED}.Debug|Any CPU.ActiveCfg = Debug|Any CPU
		{A379ACAB-6E9E-4D50-AA6C-9EC7D38B77ED}.Debug|Any CPU.Build.0 = Debug|Any CPU
		{A379ACAB-6E9E-4D50-AA6C-9EC7D38B77ED}.Debug|Any CPU.Deploy.0 = Debug|Any CPU
		{A379ACAB-6E9E-4D50-AA6C-9EC7D38B77ED}.Debug|ARM.ActiveCfg = Debug|ARM
		{A379ACAB-6E9E-4D50-AA6C-9EC7D38B77ED}.Debug|ARM.Build.0 = Debug|ARM
		{A379ACAB-6E9E-4D50-AA6C-9EC7D38B77ED}.Debug|ARM.Deploy.0 = Debug|ARM
		{A379ACAB-6E9E-4D50-AA6C-9EC7D38B77ED}.Debug|iPhone.ActiveCfg = Debug|Any CPU
		{A379ACAB-6E9E-4D50-AA6C-9EC7D38B77ED}.Debug|iPhoneSimulator.ActiveCfg = Debug|Any CPU
		{A379ACAB-6E9E-4D50-AA6C-9EC7D38B77ED}.Debug|Mixed Platforms.ActiveCfg = Debug|x86
		{A379ACAB-6E9E-4D50-AA6C-9EC7D38B77ED}.Debug|Mixed Platforms.Build.0 = Debug|x86
		{A379ACAB-6E9E-4D50-AA6C-9EC7D38B77ED}.Debug|Mixed Platforms.Deploy.0 = Debug|x86
		{A379ACAB-6E9E-4D50-AA6C-9EC7D38B77ED}.Debug|x86.ActiveCfg = Debug|x86
		{A379ACAB-6E9E-4D50-AA6C-9EC7D38B77ED}.Debug|x86.Build.0 = Debug|x86
		{A379ACAB-6E9E-4D50-AA6C-9EC7D38B77ED}.Debug|x86.Deploy.0 = Debug|x86
		{A379ACAB-6E9E-4D50-AA6C-9EC7D38B77ED}.Release|Any CPU.ActiveCfg = Release|Any CPU
		{A379ACAB-6E9E-4D50-AA6C-9EC7D38B77ED}.Release|Any CPU.Build.0 = Release|Any CPU
		{A379ACAB-6E9E-4D50-AA6C-9EC7D38B77ED}.Release|Any CPU.Deploy.0 = Release|Any CPU
		{A379ACAB-6E9E-4D50-AA6C-9EC7D38B77ED}.Release|ARM.ActiveCfg = Release|ARM
		{A379ACAB-6E9E-4D50-AA6C-9EC7D38B77ED}.Release|ARM.Build.0 = Release|ARM
		{A379ACAB-6E9E-4D50-AA6C-9EC7D38B77ED}.Release|ARM.Deploy.0 = Release|ARM
		{A379ACAB-6E9E-4D50-AA6C-9EC7D38B77ED}.Release|iPhone.ActiveCfg = Release|Any CPU
		{A379ACAB-6E9E-4D50-AA6C-9EC7D38B77ED}.Release|iPhoneSimulator.ActiveCfg = Release|Any CPU
		{A379ACAB-6E9E-4D50-AA6C-9EC7D38B77ED}.Release|Mixed Platforms.ActiveCfg = Release|x86
		{A379ACAB-6E9E-4D50-AA6C-9EC7D38B77ED}.Release|Mixed Platforms.Build.0 = Release|x86
		{A379ACAB-6E9E-4D50-AA6C-9EC7D38B77ED}.Release|Mixed Platforms.Deploy.0 = Release|x86
		{A379ACAB-6E9E-4D50-AA6C-9EC7D38B77ED}.Release|x86.ActiveCfg = Release|x86
		{A379ACAB-6E9E-4D50-AA6C-9EC7D38B77ED}.Release|x86.Build.0 = Release|x86
		{A379ACAB-6E9E-4D50-AA6C-9EC7D38B77ED}.Release|x86.Deploy.0 = Release|x86
		{12CACCF1-A252-426D-9545-B6E4C089455A}.Ad-Hoc|Any CPU.ActiveCfg = Ad-Hoc|iPhone
		{12CACCF1-A252-426D-9545-B6E4C089455A}.Ad-Hoc|ARM.ActiveCfg = Ad-Hoc|iPhone
		{12CACCF1-A252-426D-9545-B6E4C089455A}.Ad-Hoc|iPhone.ActiveCfg = Ad-Hoc|iPhone
		{12CACCF1-A252-426D-9545-B6E4C089455A}.Ad-Hoc|iPhone.Build.0 = Ad-Hoc|iPhone
		{12CACCF1-A252-426D-9545-B6E4C089455A}.Ad-Hoc|iPhone.Deploy.0 = Ad-Hoc|iPhone
		{12CACCF1-A252-426D-9545-B6E4C089455A}.Ad-Hoc|iPhoneSimulator.ActiveCfg = Ad-Hoc|iPhoneSimulator
		{12CACCF1-A252-426D-9545-B6E4C089455A}.Ad-Hoc|iPhoneSimulator.Build.0 = Ad-Hoc|iPhoneSimulator
		{12CACCF1-A252-426D-9545-B6E4C089455A}.Ad-Hoc|iPhoneSimulator.Deploy.0 = Ad-Hoc|iPhoneSimulator
		{12CACCF1-A252-426D-9545-B6E4C089455A}.Ad-Hoc|Mixed Platforms.ActiveCfg = Ad-Hoc|iPhone
		{12CACCF1-A252-426D-9545-B6E4C089455A}.Ad-Hoc|Mixed Platforms.Build.0 = Ad-Hoc|iPhone
		{12CACCF1-A252-426D-9545-B6E4C089455A}.Ad-Hoc|Mixed Platforms.Deploy.0 = Ad-Hoc|iPhone
		{12CACCF1-A252-426D-9545-B6E4C089455A}.Ad-Hoc|x86.ActiveCfg = Ad-Hoc|iPhone
		{12CACCF1-A252-426D-9545-B6E4C089455A}.AppStore|Any CPU.ActiveCfg = AppStore|iPhone
		{12CACCF1-A252-426D-9545-B6E4C089455A}.AppStore|ARM.ActiveCfg = AppStore|iPhone
		{12CACCF1-A252-426D-9545-B6E4C089455A}.AppStore|iPhone.ActiveCfg = AppStore|iPhone
		{12CACCF1-A252-426D-9545-B6E4C089455A}.AppStore|iPhone.Build.0 = AppStore|iPhone
		{12CACCF1-A252-426D-9545-B6E4C089455A}.AppStore|iPhone.Deploy.0 = AppStore|iPhone
		{12CACCF1-A252-426D-9545-B6E4C089455A}.AppStore|iPhoneSimulator.ActiveCfg = AppStore|iPhoneSimulator
		{12CACCF1-A252-426D-9545-B6E4C089455A}.AppStore|iPhoneSimulator.Build.0 = AppStore|iPhoneSimulator
		{12CACCF1-A252-426D-9545-B6E4C089455A}.AppStore|iPhoneSimulator.Deploy.0 = AppStore|iPhoneSimulator
		{12CACCF1-A252-426D-9545-B6E4C089455A}.AppStore|Mixed Platforms.ActiveCfg = AppStore|iPhone
		{12CACCF1-A252-426D-9545-B6E4C089455A}.AppStore|Mixed Platforms.Build.0 = AppStore|iPhone
		{12CACCF1-A252-426D-9545-B6E4C089455A}.AppStore|Mixed Platforms.Deploy.0 = AppStore|iPhone
		{12CACCF1-A252-426D-9545-B6E4C089455A}.AppStore|x86.ActiveCfg = AppStore|iPhone
		{12CACCF1-A252-426D-9545-B6E4C089455A}.Debug|Any CPU.ActiveCfg = Debug|iPhone
		{12CACCF1-A252-426D-9545-B6E4C089455A}.Debug|ARM.ActiveCfg = Debug|iPhone
		{12CACCF1-A252-426D-9545-B6E4C089455A}.Debug|iPhone.ActiveCfg = Debug|iPhone
		{12CACCF1-A252-426D-9545-B6E4C089455A}.Debug|iPhone.Build.0 = Debug|iPhone
		{12CACCF1-A252-426D-9545-B6E4C089455A}.Debug|iPhone.Deploy.0 = Debug|iPhone
		{12CACCF1-A252-426D-9545-B6E4C089455A}.Debug|iPhoneSimulator.ActiveCfg = Debug|iPhoneSimulator
		{12CACCF1-A252-426D-9545-B6E4C089455A}.Debug|iPhoneSimulator.Build.0 = Debug|iPhoneSimulator
		{12CACCF1-A252-426D-9545-B6E4C089455A}.Debug|iPhoneSimulator.Deploy.0 = Debug|iPhoneSimulator
		{12CACCF1-A252-426D-9545-B6E4C089455A}.Debug|Mixed Platforms.ActiveCfg = Debug|iPhone
		{12CACCF1-A252-426D-9545-B6E4C089455A}.Debug|Mixed Platforms.Build.0 = Debug|iPhone
		{12CACCF1-A252-426D-9545-B6E4C089455A}.Debug|Mixed Platforms.Deploy.0 = Debug|iPhone
		{12CACCF1-A252-426D-9545-B6E4C089455A}.Debug|x86.ActiveCfg = Debug|iPhone
		{12CACCF1-A252-426D-9545-B6E4C089455A}.Release|Any CPU.ActiveCfg = Release|iPhone
		{12CACCF1-A252-426D-9545-B6E4C089455A}.Release|ARM.ActiveCfg = Release|iPhone
		{12CACCF1-A252-426D-9545-B6E4C089455A}.Release|iPhone.ActiveCfg = Release|iPhone
		{12CACCF1-A252-426D-9545-B6E4C089455A}.Release|iPhone.Build.0 = Release|iPhone
		{12CACCF1-A252-426D-9545-B6E4C089455A}.Release|iPhone.Deploy.0 = Release|iPhone
		{12CACCF1-A252-426D-9545-B6E4C089455A}.Release|iPhoneSimulator.ActiveCfg = Release|iPhoneSimulator
		{12CACCF1-A252-426D-9545-B6E4C089455A}.Release|iPhoneSimulator.Build.0 = Release|iPhoneSimulator
		{12CACCF1-A252-426D-9545-B6E4C089455A}.Release|iPhoneSimulator.Deploy.0 = Release|iPhoneSimulator
		{12CACCF1-A252-426D-9545-B6E4C089455A}.Release|Mixed Platforms.ActiveCfg = Release|iPhone
		{12CACCF1-A252-426D-9545-B6E4C089455A}.Release|Mixed Platforms.Build.0 = Release|iPhone
		{12CACCF1-A252-426D-9545-B6E4C089455A}.Release|Mixed Platforms.Deploy.0 = Release|iPhone
		{12CACCF1-A252-426D-9545-B6E4C089455A}.Release|x86.ActiveCfg = Release|iPhone
		{BC4E86B5-974C-470F-B32F-F2AB92B2CB7D}.Ad-Hoc|Any CPU.ActiveCfg = Release|Any CPU
		{BC4E86B5-974C-470F-B32F-F2AB92B2CB7D}.Ad-Hoc|Any CPU.Build.0 = Release|Any CPU
		{BC4E86B5-974C-470F-B32F-F2AB92B2CB7D}.Ad-Hoc|Any CPU.Deploy.0 = Release|Any CPU
		{BC4E86B5-974C-470F-B32F-F2AB92B2CB7D}.Ad-Hoc|ARM.ActiveCfg = Release|Any CPU
		{BC4E86B5-974C-470F-B32F-F2AB92B2CB7D}.Ad-Hoc|iPhone.ActiveCfg = Release|Any CPU
		{BC4E86B5-974C-470F-B32F-F2AB92B2CB7D}.Ad-Hoc|iPhoneSimulator.ActiveCfg = Release|Any CPU
		{BC4E86B5-974C-470F-B32F-F2AB92B2CB7D}.Ad-Hoc|Mixed Platforms.ActiveCfg = Release|Any CPU
		{BC4E86B5-974C-470F-B32F-F2AB92B2CB7D}.Ad-Hoc|Mixed Platforms.Build.0 = Release|Any CPU
		{BC4E86B5-974C-470F-B32F-F2AB92B2CB7D}.Ad-Hoc|Mixed Platforms.Deploy.0 = Release|Any CPU
		{BC4E86B5-974C-470F-B32F-F2AB92B2CB7D}.Ad-Hoc|x86.ActiveCfg = Release|Any CPU
		{BC4E86B5-974C-470F-B32F-F2AB92B2CB7D}.AppStore|Any CPU.ActiveCfg = Release|Any CPU
		{BC4E86B5-974C-470F-B32F-F2AB92B2CB7D}.AppStore|Any CPU.Build.0 = Release|Any CPU
		{BC4E86B5-974C-470F-B32F-F2AB92B2CB7D}.AppStore|Any CPU.Deploy.0 = Release|Any CPU
		{BC4E86B5-974C-470F-B32F-F2AB92B2CB7D}.AppStore|ARM.ActiveCfg = Release|Any CPU
		{BC4E86B5-974C-470F-B32F-F2AB92B2CB7D}.AppStore|iPhone.ActiveCfg = Release|Any CPU
		{BC4E86B5-974C-470F-B32F-F2AB92B2CB7D}.AppStore|iPhoneSimulator.ActiveCfg = Release|Any CPU
		{BC4E86B5-974C-470F-B32F-F2AB92B2CB7D}.AppStore|Mixed Platforms.ActiveCfg = Release|Any CPU
		{BC4E86B5-974C-470F-B32F-F2AB92B2CB7D}.AppStore|Mixed Platforms.Build.0 = Release|Any CPU
		{BC4E86B5-974C-470F-B32F-F2AB92B2CB7D}.AppStore|Mixed Platforms.Deploy.0 = Release|Any CPU
		{BC4E86B5-974C-470F-B32F-F2AB92B2CB7D}.AppStore|x86.ActiveCfg = Release|Any CPU
		{BC4E86B5-974C-470F-B32F-F2AB92B2CB7D}.Debug|Any CPU.ActiveCfg = Debug|Any CPU
		{BC4E86B5-974C-470F-B32F-F2AB92B2CB7D}.Debug|Any CPU.Build.0 = Debug|Any CPU
		{BC4E86B5-974C-470F-B32F-F2AB92B2CB7D}.Debug|Any CPU.Deploy.0 = Debug|Any CPU
		{BC4E86B5-974C-470F-B32F-F2AB92B2CB7D}.Debug|ARM.ActiveCfg = Debug|Any CPU
		{BC4E86B5-974C-470F-B32F-F2AB92B2CB7D}.Debug|iPhone.ActiveCfg = Debug|Any CPU
		{BC4E86B5-974C-470F-B32F-F2AB92B2CB7D}.Debug|iPhoneSimulator.ActiveCfg = Debug|Any CPU
		{BC4E86B5-974C-470F-B32F-F2AB92B2CB7D}.Debug|Mixed Platforms.ActiveCfg = Debug|Any CPU
		{BC4E86B5-974C-470F-B32F-F2AB92B2CB7D}.Debug|Mixed Platforms.Build.0 = Debug|Any CPU
		{BC4E86B5-974C-470F-B32F-F2AB92B2CB7D}.Debug|Mixed Platforms.Deploy.0 = Debug|Any CPU
		{BC4E86B5-974C-470F-B32F-F2AB92B2CB7D}.Debug|x86.ActiveCfg = Debug|Any CPU
		{BC4E86B5-974C-470F-B32F-F2AB92B2CB7D}.Release|Any CPU.ActiveCfg = Release|Any CPU
		{BC4E86B5-974C-470F-B32F-F2AB92B2CB7D}.Release|Any CPU.Build.0 = Release|Any CPU
		{BC4E86B5-974C-470F-B32F-F2AB92B2CB7D}.Release|Any CPU.Deploy.0 = Release|Any CPU
		{BC4E86B5-974C-470F-B32F-F2AB92B2CB7D}.Release|ARM.ActiveCfg = Release|Any CPU
		{BC4E86B5-974C-470F-B32F-F2AB92B2CB7D}.Release|iPhone.ActiveCfg = Release|Any CPU
		{BC4E86B5-974C-470F-B32F-F2AB92B2CB7D}.Release|iPhoneSimulator.ActiveCfg = Release|Any CPU
		{BC4E86B5-974C-470F-B32F-F2AB92B2CB7D}.Release|Mixed Platforms.ActiveCfg = Release|Any CPU
		{BC4E86B5-974C-470F-B32F-F2AB92B2CB7D}.Release|Mixed Platforms.Build.0 = Release|Any CPU
		{BC4E86B5-974C-470F-B32F-F2AB92B2CB7D}.Release|Mixed Platforms.Deploy.0 = Release|Any CPU
		{BC4E86B5-974C-470F-B32F-F2AB92B2CB7D}.Release|x86.ActiveCfg = Release|Any CPU
	EndGlobalSection
	GlobalSection(SolutionProperties) = preSolution
		HideSolutionNode = FALSE
	EndGlobalSection
EndGlobal
